
Microsoft Visual Studio Solution File, Format Version 12.00
# Visual Studio 15
VisualStudioVersion = 15.0.28010.0
MinimumVisualStudioVersion = 10.0.40219.1
Project("{FAE04EC0-301F-11D3-BF4B-00C04F79EFBC}") = "MSIChecker", "MSIChecker.csproj", "{42BFC891-0093-443A-A3C0-CA0BFDE391C8}"
EndProject
Global
	GlobalSection(SolutionConfigurationPlatforms) = preSolution
		Debug|Any CPU = Debug|Any CPU
		Release|Any CPU = Release|Any CPU
	EndGlobalSection
	GlobalSection(ProjectConfigurationPlatforms) = postSolution
		{42BFC891-0093-443A-A3C0-CA0BFDE391C8}.Debug|Any CPU.ActiveCfg = Debug|Any CPU
		{42BFC891-0093-443A-A3C0-CA0BFDE391C8}.Debug|Any CPU.Build.0 = Debug|Any CPU
		{42BFC891-0093-443A-A3C0-CA0BFDE391C8}.Release|Any CPU.ActiveCfg = Release|Any CPU
		{42BFC891-0093-443A-A3C0-CA0BFDE391C8}.Release|Any CPU.Build.0 = Release|Any CPU
	EndGlobalSection
	GlobalSection(SolutionProperties) = preSolution
		HideSolutionNode = FALSE
	EndGlobalSection
	GlobalSection(ExtensibilityGlobals) = postSolution
		SolutionGuid = {D9CC90B3-E92E-491F-9502-A395ECE2B359}
	EndGlobalSection
EndGlobal
